
Microsoft Visual Studio Solution File, Format Version 12.00
# Visual Studio 15
VisualStudioVersion = 15.0.26730.3
MinimumVisualStudioVersion = 10.0.40219.1
Project("{2150E333-8FDC-42A3-9474-1A3956D46DE8}") = "src", "src", "{C0A77922-0D13-4F50-8DDA-691AF2A9D937}"
EndProject
Project("{2150E333-8FDC-42A3-9474-1A3956D46DE8}") = "Solution Items", "Solution Items", "{2524C50A-CB08-4F6A-9913-707819DAA564}"
EndProject
Project("{9A19103F-16F7-4668-BE54-9A1E7A4F7556}") = "LevyFlight.Common", "src\LevyFlight.Common\LevyFlight.Common.csproj", "{37EC63B6-1989-4493-B8F7-613C96C7FA1E}"
EndProject
Project("{9A19103F-16F7-4668-BE54-9A1E7A4F7556}") = "LevyFlight.Entities", "src\LevyFlight.Entities\LevyFlight.Entities.csproj", "{73CD914E-3298-4163-89DF-837691BDF32F}"
EndProject
Project("{9A19103F-16F7-4668-BE54-9A1E7A4F7556}") = "LevyFlight.Domain", "src\LevyFlight.Domain\LevyFlight.Domain.csproj", "{DBB3F37E-1644-4B21-BFC2-72422DC290FA}"
EndProject
Project("{9A19103F-16F7-4668-BE54-9A1E7A4F7556}") = "LevyFlight.Domain.Modified", "src\LevyFlight.Domain.Modified\LevyFlight.Domain.Modified.csproj", "{BAE73A08-4FF8-48AB-8736-B316FFC56D74}"
EndProject
Project("{9A19103F-16F7-4668-BE54-9A1E7A4F7556}") = "LevyFlight.Examples", "src\LevyFlight.Examples\LevyFlight.Examples.csproj", "{7C8B5D4B-9FF3-4E8F-9D38-377D5262695D}"
EndProject
Project("{9A19103F-16F7-4668-BE54-9A1E7A4F7556}") = "LevyFlight.Extensions", "src\LevyFlight.Extensions\LevyFlight.Extensions.csproj", "{9B8610FD-AD4D-401A-B615-6F9CDF6E7F6A}"
EndProject
Project("{9A19103F-16F7-4668-BE54-9A1E7A4F7556}") = "LevyFlight.Business", "src\LevyFlight.Business\LevyFlight.Business.csproj", "{2E5B1AAC-7109-48DB-8557-6C5223CC7D38}"
EndProject
Project("{9A19103F-16F7-4668-BE54-9A1E7A4F7556}") = "LevyFlight.Startup", "src\LevyFlight.Startup\LevyFlight.Startup.csproj", "{94D27E6A-0A42-4ACA-92AE-FC87B24B8EC8}"
EndProject
Project("{9A19103F-16F7-4668-BE54-9A1E7A4F7556}") = "LevyFlight.Logic", "src\LevyFlight.Logic\LevyFlight.Logic.csproj", "{C4EDCE98-E34D-477A-B298-6E716E42E0F4}"
EndProject
Project("{9A19103F-16F7-4668-BE54-9A1E7A4F7556}") = "LevyFlight.Tests", "src\LevyFlight.Tests\LevyFlight.Tests.csproj", "{26D7D155-120B-458D-8C7C-D25FECEC0618}"
EndProject
Project("{9A19103F-16F7-4668-BE54-9A1E7A4F7556}") = "LevyFlight.Logging", "src\LevyFlight.Logging\LevyFlight.Logging.csproj", "{ADE8F7E6-3DF6-494D-A85C-F8843A96D3DB}"
EndProject
Global
	GlobalSection(SolutionConfigurationPlatforms) = preSolution
		Debug|Any CPU = Debug|Any CPU
		Release|Any CPU = Release|Any CPU
	EndGlobalSection
	GlobalSection(ProjectConfigurationPlatforms) = postSolution
		{37EC63B6-1989-4493-B8F7-613C96C7FA1E}.Debug|Any CPU.ActiveCfg = Debug|Any CPU
		{37EC63B6-1989-4493-B8F7-613C96C7FA1E}.Debug|Any CPU.Build.0 = Debug|Any CPU
		{37EC63B6-1989-4493-B8F7-613C96C7FA1E}.Release|Any CPU.ActiveCfg = Release|Any CPU
		{37EC63B6-1989-4493-B8F7-613C96C7FA1E}.Release|Any CPU.Build.0 = Release|Any CPU
		{73CD914E-3298-4163-89DF-837691BDF32F}.Debug|Any CPU.ActiveCfg = Debug|Any CPU
		{73CD914E-3298-4163-89DF-837691BDF32F}.Debug|Any CPU.Build.0 = Debug|Any CPU
		{73CD914E-3298-4163-89DF-837691BDF32F}.Release|Any CPU.ActiveCfg = Release|Any CPU
		{73CD914E-3298-4163-89DF-837691BDF32F}.Release|Any CPU.Build.0 = Release|Any CPU
		{DBB3F37E-1644-4B21-BFC2-72422DC290FA}.Debug|Any CPU.ActiveCfg = Debug|Any CPU
		{DBB3F37E-1644-4B21-BFC2-72422DC290FA}.Debug|Any CPU.Build.0 = Debug|Any CPU
		{DBB3F37E-1644-4B21-BFC2-72422DC290FA}.Release|Any CPU.ActiveCfg = Release|Any CPU
		{DBB3F37E-1644-4B21-BFC2-72422DC290FA}.Release|Any CPU.Build.0 = Release|Any CPU
		{BAE73A08-4FF8-48AB-8736-B316FFC56D74}.Debug|Any CPU.ActiveCfg = Debug|Any CPU
		{BAE73A08-4FF8-48AB-8736-B316FFC56D74}.Debug|Any CPU.Build.0 = Debug|Any CPU
		{BAE73A08-4FF8-48AB-8736-B316FFC56D74}.Release|Any CPU.ActiveCfg = Release|Any CPU
		{BAE73A08-4FF8-48AB-8736-B316FFC56D74}.Release|Any CPU.Build.0 = Release|Any CPU
		{7C8B5D4B-9FF3-4E8F-9D38-377D5262695D}.Debug|Any CPU.ActiveCfg = Debug|Any CPU
		{7C8B5D4B-9FF3-4E8F-9D38-377D5262695D}.Debug|Any CPU.Build.0 = Debug|Any CPU
		{7C8B5D4B-9FF3-4E8F-9D38-377D5262695D}.Release|Any CPU.ActiveCfg = Release|Any CPU
		{7C8B5D4B-9FF3-4E8F-9D38-377D5262695D}.Release|Any CPU.Build.0 = Release|Any CPU
		{9B8610FD-AD4D-401A-B615-6F9CDF6E7F6A}.Debug|Any CPU.ActiveCfg = Debug|Any CPU
		{9B8610FD-AD4D-401A-B615-6F9CDF6E7F6A}.Debug|Any CPU.Build.0 = Debug|Any CPU
		{9B8610FD-AD4D-401A-B615-6F9CDF6E7F6A}.Release|Any CPU.ActiveCfg = Release|Any CPU
		{9B8610FD-AD4D-401A-B615-6F9CDF6E7F6A}.Release|Any CPU.Build.0 = Release|Any CPU
		{2E5B1AAC-7109-48DB-8557-6C5223CC7D38}.Debug|Any CPU.ActiveCfg = Debug|Any CPU
		{2E5B1AAC-7109-48DB-8557-6C5223CC7D38}.Debug|Any CPU.Build.0 = Debug|Any CPU
		{2E5B1AAC-7109-48DB-8557-6C5223CC7D38}.Release|Any CPU.ActiveCfg = Release|Any CPU
		{2E5B1AAC-7109-48DB-8557-6C5223CC7D38}.Release|Any CPU.Build.0 = Release|Any CPU
		{94D27E6A-0A42-4ACA-92AE-FC87B24B8EC8}.Debug|Any CPU.ActiveCfg = Debug|Any CPU
		{94D27E6A-0A42-4ACA-92AE-FC87B24B8EC8}.Debug|Any CPU.Build.0 = Debug|Any CPU
		{94D27E6A-0A42-4ACA-92AE-FC87B24B8EC8}.Release|Any CPU.ActiveCfg = Release|Any CPU
		{94D27E6A-0A42-4ACA-92AE-FC87B24B8EC8}.Release|Any CPU.Build.0 = Release|Any CPU
		{C4EDCE98-E34D-477A-B298-6E716E42E0F4}.Debug|Any CPU.ActiveCfg = Debug|Any CPU
		{C4EDCE98-E34D-477A-B298-6E716E42E0F4}.Debug|Any CPU.Build.0 = Debug|Any CPU
		{C4EDCE98-E34D-477A-B298-6E716E42E0F4}.Release|Any CPU.ActiveCfg = Release|Any CPU
		{C4EDCE98-E34D-477A-B298-6E716E42E0F4}.Release|Any CPU.Build.0 = Release|Any CPU
		{26D7D155-120B-458D-8C7C-D25FECEC0618}.Debug|Any CPU.ActiveCfg = Debug|Any CPU
		{26D7D155-120B-458D-8C7C-D25FECEC0618}.Debug|Any CPU.Build.0 = Debug|Any CPU
		{26D7D155-120B-458D-8C7C-D25FECEC0618}.Release|Any CPU.ActiveCfg = Release|Any CPU
		{26D7D155-120B-458D-8C7C-D25FECEC0618}.Release|Any CPU.Build.0 = Release|Any CPU
		{ADE8F7E6-3DF6-494D-A85C-F8843A96D3DB}.Debug|Any CPU.ActiveCfg = Debug|Any CPU
		{ADE8F7E6-3DF6-494D-A85C-F8843A96D3DB}.Debug|Any CPU.Build.0 = Debug|Any CPU
		{ADE8F7E6-3DF6-494D-A85C-F8843A96D3DB}.Release|Any CPU.ActiveCfg = Release|Any CPU
		{ADE8F7E6-3DF6-494D-A85C-F8843A96D3DB}.Release|Any CPU.Build.0 = Release|Any CPU
	EndGlobalSection
	GlobalSection(SolutionProperties) = preSolution
		HideSolutionNode = FALSE
	EndGlobalSection
	GlobalSection(NestedProjects) = preSolution
		{37EC63B6-1989-4493-B8F7-613C96C7FA1E} = {C0A77922-0D13-4F50-8DDA-691AF2A9D937}
		{73CD914E-3298-4163-89DF-837691BDF32F} = {C0A77922-0D13-4F50-8DDA-691AF2A9D937}
		{DBB3F37E-1644-4B21-BFC2-72422DC290FA} = {C0A77922-0D13-4F50-8DDA-691AF2A9D937}
		{BAE73A08-4FF8-48AB-8736-B316FFC56D74} = {C0A77922-0D13-4F50-8DDA-691AF2A9D937}
		{7C8B5D4B-9FF3-4E8F-9D38-377D5262695D} = {C0A77922-0D13-4F50-8DDA-691AF2A9D937}
		{9B8610FD-AD4D-401A-B615-6F9CDF6E7F6A} = {C0A77922-0D13-4F50-8DDA-691AF2A9D937}
		{2E5B1AAC-7109-48DB-8557-6C5223CC7D38} = {C0A77922-0D13-4F50-8DDA-691AF2A9D937}
		{94D27E6A-0A42-4ACA-92AE-FC87B24B8EC8} = {C0A77922-0D13-4F50-8DDA-691AF2A9D937}
		{C4EDCE98-E34D-477A-B298-6E716E42E0F4} = {C0A77922-0D13-4F50-8DDA-691AF2A9D937}
		{26D7D155-120B-458D-8C7C-D25FECEC0618} = {C0A77922-0D13-4F50-8DDA-691AF2A9D937}
		{ADE8F7E6-3DF6-494D-A85C-F8843A96D3DB} = {C0A77922-0D13-4F50-8DDA-691AF2A9D937}
	EndGlobalSection
	GlobalSection(ExtensibilityGlobals) = postSolution
		SolutionGuid = {07FE371C-89C2-447F-9529-AA9A83FF129A}
	EndGlobalSection
EndGlobal
