
Microsoft Visual Studio Solution File, Format Version 12.00
# Visual Studio 15
VisualStudioVersion = 15.0.26430.6
MinimumVisualStudioVersion = 10.0.40219.1
Project("{2150E333-8FDC-42A3-9474-1A3956D46DE8}") = "src", "src", "{C0A77922-0D13-4F50-8DDA-691AF2A9D937}"
EndProject
Project("{2150E333-8FDC-42A3-9474-1A3956D46DE8}") = "Solution Items", "Solution Items", "{2524C50A-CB08-4F6A-9913-707819DAA564}"
EndProject
Project("{9A19103F-16F7-4668-BE54-9A1E7A4F7556}") = "LevyFlight.Common", "src\LevyFlight.Common\LevyFlight.Common.csproj", "{37EC63B6-1989-4493-B8F7-613C96C7FA1E}"
EndProject
Project("{9A19103F-16F7-4668-BE54-9A1E7A4F7556}") = "LevyFlight.Entities", "src\LevyFlight.Entities\LevyFlight.Entities.csproj", "{73CD914E-3298-4163-89DF-837691BDF32F}"
EndProject
Project("{9A19103F-16F7-4668-BE54-9A1E7A4F7556}") = "LevyFlight.Domain", "src\LevyFlight.Domain\LevyFlight.Domain.csproj", "{DBB3F37E-1644-4B21-BFC2-72422DC290FA}"
EndProject
Project("{9A19103F-16F7-4668-BE54-9A1E7A4F7556}") = "LevyFlight.Domain.Modified", "src\LevyFlight.Domain.Modified\LevyFlight.Domain.Modified.csproj", "{BAE73A08-4FF8-48AB-8736-B316FFC56D74}"
EndProject
Project("{9A19103F-16F7-4668-BE54-9A1E7A4F7556}") = "LevyFlight.Examples", "src\LevyFlight.Examples\LevyFlight.Examples.csproj", "{7C8B5D4B-9FF3-4E8F-9D38-377D5262695D}"
EndProject
Project("{9A19103F-16F7-4668-BE54-9A1E7A4F7556}") = "LevyFlight.Extensions", "src\LevyFlight.Extensions\LevyFlight.Extensions.csproj", "{9B8610FD-AD4D-401A-B615-6F9CDF6E7F6A}"
EndProject
Project("{FAE04EC0-301F-11D3-BF4B-00C04F79EFBC}") = "LevyFlight.FunctionStrategies", "src\LevyFlight.FunctionStrategies\LevyFlight.FunctionStrategies.csproj", "{2454960D-3FB7-4B0D-8268-A16EDA563930}"
EndProject
Project("{FAE04EC0-301F-11D3-BF4B-00C04F79EFBC}") = "LevyFlight.Business", "src\LevyFlight.Business\LevyFlight.Business.csproj", "{2E5B1AAC-7109-48DB-8557-6C5223CC7D38}"
EndProject
Project("{FAE04EC0-301F-11D3-BF4B-00C04F79EFBC}") = "LevyFlight.Tests", "src\LevyFlight.Tests\LevyFlight.Tests.csproj", "{94519F5A-D091-497C-9ACB-F6C93657C796}"
EndProject
Global
	GlobalSection(SolutionConfigurationPlatforms) = preSolution
		Debug|Any CPU = Debug|Any CPU
		Release|Any CPU = Release|Any CPU
	EndGlobalSection
	GlobalSection(ProjectConfigurationPlatforms) = postSolution
		{37EC63B6-1989-4493-B8F7-613C96C7FA1E}.Debug|Any CPU.ActiveCfg = Debug|Any CPU
		{37EC63B6-1989-4493-B8F7-613C96C7FA1E}.Debug|Any CPU.Build.0 = Debug|Any CPU
		{37EC63B6-1989-4493-B8F7-613C96C7FA1E}.Release|Any CPU.ActiveCfg = Release|Any CPU
		{37EC63B6-1989-4493-B8F7-613C96C7FA1E}.Release|Any CPU.Build.0 = Release|Any CPU
		{73CD914E-3298-4163-89DF-837691BDF32F}.Debug|Any CPU.ActiveCfg = Debug|Any CPU
		{73CD914E-3298-4163-89DF-837691BDF32F}.Debug|Any CPU.Build.0 = Debug|Any CPU
		{73CD914E-3298-4163-89DF-837691BDF32F}.Release|Any CPU.ActiveCfg = Release|Any CPU
		{73CD914E-3298-4163-89DF-837691BDF32F}.Release|Any CPU.Build.0 = Release|Any CPU
		{DBB3F37E-1644-4B21-BFC2-72422DC290FA}.Debug|Any CPU.ActiveCfg = Debug|Any CPU
		{DBB3F37E-1644-4B21-BFC2-72422DC290FA}.Debug|Any CPU.Build.0 = Debug|Any CPU
		{DBB3F37E-1644-4B21-BFC2-72422DC290FA}.Release|Any CPU.ActiveCfg = Release|Any CPU
		{DBB3F37E-1644-4B21-BFC2-72422DC290FA}.Release|Any CPU.Build.0 = Release|Any CPU
		{BAE73A08-4FF8-48AB-8736-B316FFC56D74}.Debug|Any CPU.ActiveCfg = Debug|Any CPU
		{BAE73A08-4FF8-48AB-8736-B316FFC56D74}.Debug|Any CPU.Build.0 = Debug|Any CPU
		{BAE73A08-4FF8-48AB-8736-B316FFC56D74}.Release|Any CPU.ActiveCfg = Release|Any CPU
		{BAE73A08-4FF8-48AB-8736-B316FFC56D74}.Release|Any CPU.Build.0 = Release|Any CPU
		{7C8B5D4B-9FF3-4E8F-9D38-377D5262695D}.Debug|Any CPU.ActiveCfg = Debug|Any CPU
		{7C8B5D4B-9FF3-4E8F-9D38-377D5262695D}.Debug|Any CPU.Build.0 = Debug|Any CPU
		{7C8B5D4B-9FF3-4E8F-9D38-377D5262695D}.Release|Any CPU.ActiveCfg = Release|Any CPU
		{7C8B5D4B-9FF3-4E8F-9D38-377D5262695D}.Release|Any CPU.Build.0 = Release|Any CPU
		{9B8610FD-AD4D-401A-B615-6F9CDF6E7F6A}.Debug|Any CPU.ActiveCfg = Debug|Any CPU
		{9B8610FD-AD4D-401A-B615-6F9CDF6E7F6A}.Debug|Any CPU.Build.0 = Debug|Any CPU
		{9B8610FD-AD4D-401A-B615-6F9CDF6E7F6A}.Release|Any CPU.ActiveCfg = Release|Any CPU
		{9B8610FD-AD4D-401A-B615-6F9CDF6E7F6A}.Release|Any CPU.Build.0 = Release|Any CPU
		{2454960D-3FB7-4B0D-8268-A16EDA563930}.Debug|Any CPU.ActiveCfg = Debug|Any CPU
		{2454960D-3FB7-4B0D-8268-A16EDA563930}.Debug|Any CPU.Build.0 = Debug|Any CPU
		{2454960D-3FB7-4B0D-8268-A16EDA563930}.Release|Any CPU.ActiveCfg = Release|Any CPU
		{2454960D-3FB7-4B0D-8268-A16EDA563930}.Release|Any CPU.Build.0 = Release|Any CPU
		{2E5B1AAC-7109-48DB-8557-6C5223CC7D38}.Debug|Any CPU.ActiveCfg = Debug|Any CPU
		{2E5B1AAC-7109-48DB-8557-6C5223CC7D38}.Debug|Any CPU.Build.0 = Debug|Any CPU
		{2E5B1AAC-7109-48DB-8557-6C5223CC7D38}.Release|Any CPU.ActiveCfg = Release|Any CPU
		{2E5B1AAC-7109-48DB-8557-6C5223CC7D38}.Release|Any CPU.Build.0 = Release|Any CPU
		{94519F5A-D091-497C-9ACB-F6C93657C796}.Debug|Any CPU.ActiveCfg = Debug|Any CPU
		{94519F5A-D091-497C-9ACB-F6C93657C796}.Debug|Any CPU.Build.0 = Debug|Any CPU
		{94519F5A-D091-497C-9ACB-F6C93657C796}.Release|Any CPU.ActiveCfg = Release|Any CPU
		{94519F5A-D091-497C-9ACB-F6C93657C796}.Release|Any CPU.Build.0 = Release|Any CPU
	EndGlobalSection
	GlobalSection(SolutionProperties) = preSolution
		HideSolutionNode = FALSE
	EndGlobalSection
	GlobalSection(NestedProjects) = preSolution
		{37EC63B6-1989-4493-B8F7-613C96C7FA1E} = {C0A77922-0D13-4F50-8DDA-691AF2A9D937}
		{73CD914E-3298-4163-89DF-837691BDF32F} = {C0A77922-0D13-4F50-8DDA-691AF2A9D937}
		{DBB3F37E-1644-4B21-BFC2-72422DC290FA} = {C0A77922-0D13-4F50-8DDA-691AF2A9D937}
		{BAE73A08-4FF8-48AB-8736-B316FFC56D74} = {C0A77922-0D13-4F50-8DDA-691AF2A9D937}
		{7C8B5D4B-9FF3-4E8F-9D38-377D5262695D} = {C0A77922-0D13-4F50-8DDA-691AF2A9D937}
		{9B8610FD-AD4D-401A-B615-6F9CDF6E7F6A} = {C0A77922-0D13-4F50-8DDA-691AF2A9D937}
		{2454960D-3FB7-4B0D-8268-A16EDA563930} = {C0A77922-0D13-4F50-8DDA-691AF2A9D937}
		{2E5B1AAC-7109-48DB-8557-6C5223CC7D38} = {C0A77922-0D13-4F50-8DDA-691AF2A9D937}
		{94519F5A-D091-497C-9ACB-F6C93657C796} = {C0A77922-0D13-4F50-8DDA-691AF2A9D937}
	EndGlobalSection
EndGlobal
